
Microsoft Visual Studio Solution File, Format Version 12.00
# Visual Studio Version 17
VisualStudioVersion = 17.13.35818.85 d17.13
MinimumVisualStudioVersion = 10.0.40219.1
Project("{FAE04EC0-301F-11D3-BF4B-00C04F79EFBC}") = "seminar", "seminar.csproj", "{05216B6D-4446-4C6A-AB46-A18789C2C8AE}"
EndProject
Global
	GlobalSection(SolutionConfigurationPlatforms) = preSolution
		Debug|Any CPU = Debug|Any CPU
		Release|Any CPU = Release|Any CPU
	EndGlobalSection
	GlobalSection(ProjectConfigurationPlatforms) = postSolution
		{05216B6D-4446-4C6A-AB46-A18789C2C8AE}.Debug|Any CPU.ActiveCfg = Debug|Any CPU
		{05216B6D-4446-4C6A-AB46-A18789C2C8AE}.Debug|Any CPU.Build.0 = Debug|Any CPU
		{05216B6D-4446-4C6A-AB46-A18789C2C8AE}.Release|Any CPU.ActiveCfg = Release|Any CPU
		{05216B6D-4446-4C6A-AB46-A18789C2C8AE}.Release|Any CPU.Build.0 = Release|Any CPU
	EndGlobalSection
	GlobalSection(SolutionProperties) = preSolution
		HideSolutionNode = FALSE
	EndGlobalSection
	GlobalSection(ExtensibilityGlobals) = postSolution
		SolutionGuid = {0D83C586-431F-4DFF-921F-4F5307D2576F}
	EndGlobalSection
EndGlobal
