
Microsoft Visual Studio Solution File, Format Version 12.00
# Visual Studio Version 17
VisualStudioVersion = 17.13.35818.85 d17.13
MinimumVisualStudioVersion = 10.0.40219.1
Project("{FAE04EC0-301F-11D3-BF4B-00C04F79EFBC}") = "guess_number", "guess_number.csproj", "{57923095-7E2B-4397-A2DC-BA616A9235FD}"
EndProject
Global
	GlobalSection(SolutionConfigurationPlatforms) = preSolution
		Debug|Any CPU = Debug|Any CPU
		Release|Any CPU = Release|Any CPU
	EndGlobalSection
	GlobalSection(ProjectConfigurationPlatforms) = postSolution
		{57923095-7E2B-4397-A2DC-BA616A9235FD}.Debug|Any CPU.ActiveCfg = Debug|Any CPU
		{57923095-7E2B-4397-A2DC-BA616A9235FD}.Debug|Any CPU.Build.0 = Debug|Any CPU
		{57923095-7E2B-4397-A2DC-BA616A9235FD}.Release|Any CPU.ActiveCfg = Release|Any CPU
		{57923095-7E2B-4397-A2DC-BA616A9235FD}.Release|Any CPU.Build.0 = Release|Any CPU
	EndGlobalSection
	GlobalSection(SolutionProperties) = preSolution
		HideSolutionNode = FALSE
	EndGlobalSection
	GlobalSection(ExtensibilityGlobals) = postSolution
		SolutionGuid = {E8167CC1-25FF-4F7A-ACDE-E22628F45DFC}
	EndGlobalSection
EndGlobal
